github.com/jinzhu/inflection v1.0.0 h1:K317FqzuhWc8YvSVlFMCCUb36O/S9MCKRDI7QkRKD/E=
github.com/jinzhu/inflection v1.0.0/go.mod h1:h+uFLlag+Qp1Va5pdKtLDYj+kHp5pxUVkryuEj+Srlc=
github.com/jinzhu/now v1.1.1 h1:g39TucaRWyV3dwDO++eEc6qf8TVIQ/Da48WmqjZ3i7E=
github.com/jinzhu/now v1.1.1/go.mod h1:d3SSVoowX0Lcu0IBviAWJpolVfI5UJVZZ7cO71lE/z8=
github.com/mattn/go-sqlite3 v1.12.0 h1:u/x3mp++qUxvYfulZ4HKOvVO0JWhk7HtE8lWhbGz/Do=
github.com/mattn/go-sqlite3 v1.12.0/go.mod h1:FPy6KqzDD04eiIsT53CuJW3U88zkxoIYsOqkbpncsNc=
github.com/mattn/go-sqlite3 v1.14.3 h1:j7a/xn1U6TKA/PHHxqZuzh64CdtRc7rU9M+AvkOl5bA=
github.com/mattn/go-sqlite3 v1.14.3/go.mod h1:WVKg1VTActs4Qso6iwGbiFih2UIHo0ENGwNd0Lj+XmI=
github.com/mattn/go-sqlite3 v1.14.5 h1:1IdxlwTNazvbKJQSxoJ5/9ECbEeaTTyeU7sEAZ5KKTQ=
github.com/mattn/go-sqlite3 v1.14.5/go.mod h1:WVKg1VTActs4Qso6iwGbiFih2UIHo0ENGwNd0Lj+XmI=
gorm.io/driver/sqlite v1.0.0/go.mod h1:1Or5QAbRiznnWahn3YmDpUL8JM2v9HtRwp4Q1ksxT6k=
gorm.io/driver/sqlite v1.0.1/go.mod h1:1Or5QAbRiznnWahn3YmDpUL8JM2v9HtRwp4Q1ksxT6k=
gorm.io/driver/sqlite v1.0.2/go.mod h1:1Or5QAbRiznnWahn3YmDpUL8JM2v9HtRwp4Q1ksxT6k=
gorm.io/driver/sqlite v1.0.3/go.mod h1:xkm8/CEmA3yc4zRd0pdCqm43BjO8Hm6avfTpxWb/7c4=
gorm.io/driver/sqlite v1.0.4/go.mod h1:xkm8/CEmA3yc4zRd0pdCqm43BjO8Hm6avfTpxWb/7c4=
gorm.io/driver/sqlite v1.0.5/go.mod h1:xkm8/CEmA3yc4zRd0pdCqm43BjO8Hm6avfTpxWb/7c4=
gorm.io/driver/sqlite v1.0.6/go.mod h1:xkm8/CEmA3yc4zRd0pdCqm43BjO8Hm6avfTpxWb/7c4=
gorm.io/driver/sqlite v1.0.7/go.mod h1:xkm8/CEmA3yc4zRd0pdCqm43BjO8Hm6avfTpxWb/7c4=
gorm.io/driver/sqlite v1.0.8/go.mod h1:xkm8/CEmA3yc4zRd0pdCqm43BjO8Hm6avfTpxWb/7c4=
gorm.io/driver/sqlite v1.0.9/go.mod h1:xkm8/CEmA3yc4zRd0pdCqm43BjO8Hm6avfTpxWb/7c4=
gorm.io/driver/sqlite v1.1.0/go.mod h1:hm2olEcl8Tmsc6eZyxYSeznnsDaMqamBvEXLNtBg4cI=
gorm.io/driver/sqlite v1.1.1/go.mod h1:hm2olEcl8Tmsc6eZyxYSeznnsDaMqamBvEXLNtBg4cI=
gorm.io/driver/sqlite v1.1.2/go.mod h1:Gf7dk8OqOyHdDv/LH/z4A1xCHKYibVLzF9bfOwZA0ZM=
gorm.io/driver/sqlite v1.1.3 h1:BYfdVuZB5He/u9dt4qDpZqiqDJ6KhPqs5QUqsr/Eeuc=
gorm.io/driver/sqlite v1.1.3/go.mod h1:AKDgRWk8lcSQSw+9kxCJnX/yySj8G3rdwYlU57cB45c=
gorm.io/gorm v1.20.1 h1:+hOwlHDqvqmBIMflemMVPLJH7tZYK4RxFDBHEfJTup0=
gorm.io/gorm v1.20.1/go.mod h1:0HFTzE/SqkGTzK6TlDPPQbAYCluiVvhzoA1+aVyzenw=
gorm.io/gorm v1.20.6 h1:qa7tC1WcU+DBI/ZKMxvXy1FcrlGsvxlaKufHrT2qQ08=
gorm.io/gorm v1.20.6/go.mod h1:0HFTzE/SqkGTzK6TlDPPQbAYCluiVvhzoA1+aVyzenw=
